// !$*UTF8*$!
{
	archiveVersion = 1;
	classes = {
	};
	objectVersion = 50;
	objects = {

/* Begin PBXBuildFile section */
		3D0C113321697CD500CC64A9 /* AppDelegate.swift in Sources */ = {isa = PBXBuildFile; fileRef = 3D0C113221697CD500CC64A9 /* AppDelegate.swift */; };
		3D0C113521697CD500CC64A9 /* ViewController.swift in Sources */ = {isa = PBXBuildFile; fileRef = 3D0C113421697CD500CC64A9 /* ViewController.swift */; };
		3D0C113821697CD500CC64A9 /* Main.storyboard in Resources */ = {isa = PBXBuildFile; fileRef = 3D0C113621697CD500CC64A9 /* Main.storyboard */; };
		3D0C113A21697CD600CC64A9 /* Assets.xcassets in Resources */ = {isa = PBXBuildFile; fileRef = 3D0C113921697CD600CC64A9 /* Assets.xcassets */; };
		3D0C113D21697CD600CC64A9 /* LaunchScreen.storyboard in Resources */ = {isa = PBXBuildFile; fileRef = 3D0C113B21697CD600CC64A9 /* LaunchScreen.storyboard */; };
		3D0C114821697CD700CC64A9 /* PhotoMapTests.swift in Sources */ = {isa = PBXBuildFile; fileRef = 3D0C114721697CD700CC64A9 /* PhotoMapTests.swift */; };
		3D0C115321697CD700CC64A9 /* PhotoMapUITests.swift in Sources */ = {isa = PBXBuildFile; fileRef = 3D0C115221697CD700CC64A9 /* PhotoMapUITests.swift */; };
/* End PBXBuildFile section */

/* Begin PBXContainerItemProxy section */
		3D0C114421697CD700CC64A9 /* PBXContainerItemProxy */ = {
			isa = PBXContainerItemProxy;
			containerPortal = 3D0C112721697CD500CC64A9 /* Project object */;
			proxyType = 1;
			remoteGlobalIDString = 3D0C112E21697CD500CC64A9;
			remoteInfo = PhotoMap;
		};
		3D0C114F21697CD700CC64A9 /* PBXContainerItemProxy */ = {
			isa = PBXContainerItemProxy;
			containerPortal = 3D0C112721697CD500CC64A9 /* Project object */;
			proxyType = 1;
			remoteGlobalIDString = 3D0C112E21697CD500CC64A9;
			remoteInfo = PhotoMap;
		};
/* End PBXContainerItemProxy section */

/* Begin PBXFileReference section */
		3D0C112F21697CD500CC64A9 /* PhotoMap.app */ = {isa = PBXFileReference; explicitFileType = wrapper.application; includeInIndex = 0; path = PhotoMap.app; sourceTree = BUILT_PRODUCTS_DIR; };
		3D0C113221697CD500CC64A9 /* AppDelegate.swift */ = {isa = PBXFileReference; lastKnownFileType = sourcecode.swift; path = AppDelegate.swift; sourceTree = "<group>"; };
		3D0C113421697CD500CC64A9 /* ViewController.swift */ = {isa = PBXFileReference; lastKnownFileType = sourcecode.swift; path = ViewController.swift; sourceTree = "<group>"; };
		3D0C113721697CD500CC64A9 /* Base */ = {isa = PBXFileReference; lastKnownFileType = file.storyboard; name = Base; path = Base.lproj/Main.storyboard; sourceTree = "<group>"; };
		3D0C113921697CD600CC64A9 /* Assets.xcassets */ = {isa = PBXFileReference; lastKnownFileType = folder.assetcatalog; path = Assets.xcassets; sourceTree = "<group>"; };
		3D0C113C21697CD600CC64A9 /* Base */ = {isa = PBXFileReference; lastKnownFileType = file.storyboard; name = Base; path = Base.lproj/LaunchScreen.storyboard; sourceTree = "<group>"; };
		3D0C113E21697CD600CC64A9 /* Info.plist */ = {isa = PBXFileReference; lastKnownFileType = text.plist.xml; path = Info.plist; sourceTree = "<group>"; };
		3D0C114321697CD700CC64A9 /* PhotoMapTests.xctest */ = {isa = PBXFileReference; explicitFileType = wrapper.cfbundle; includeInIndex = 0; path = PhotoMapTests.xctest; sourceTree = BUILT_PRODUCTS_DIR; };
		3D0C114721697CD700CC64A9 /* PhotoMapTests.swift */ = {isa = PBXFileReference; lastKnownFileType = sourcecode.swift; path = PhotoMapTests.swift; sourceTree = "<group>"; };
		3D0C114921697CD700CC64A9 /* Info.plist */ = {isa = PBXFileReference; lastKnownFileType = text.plist.xml; path = Info.plist; sourceTree = "<group>"; };
		3D0C114E21697CD700CC64A9 /* PhotoMapUITests.xctest */ = {isa = PBXFileReference; explicitFileType = wrapper.cfbundle; includeInIndex = 0; path = PhotoMapUITests.xctest; sourceTree = BUILT_PRODUCTS_DIR; };
		3D0C115221697CD700CC64A9 /* PhotoMapUITests.swift */ = {isa = PBXFileReference; lastKnownFileType = sourcecode.swift; path = PhotoMapUITests.swift; sourceTree = "<group>"; };
		3D0C115421697CD700CC64A9 /* Info.plist */ = {isa = PBXFileReference; lastKnownFileType = text.plist.xml; path = Info.plist; sourceTree = "<group>"; };
/* End PBXFileReference section */

/* Begin PBXFrameworksBuildPhase section */
		3D0C112C21697CD500CC64A9 /* Frameworks */ = {
			isa = PBXFrameworksBuildPhase;
			buildActionMask = 2147483647;
			files = (
			);
			runOnlyForDeploymentPostprocessing = 0;
		};
		3D0C114021697CD700CC64A9 /* Frameworks */ = {
			isa = PBXFrameworksBuildPhase;
			buildActionMask = 2147483647;
			files = (
			);
			runOnlyForDeploymentPostprocessing = 0;
		};
		3D0C114B21697CD700CC64A9 /* Frameworks */ = {
			isa = PBXFrameworksBuildPhase;
			buildActionMask = 2147483647;
			files = (
			);
			runOnlyForDeploymentPostprocessing = 0;
		};
/* End PBXFrameworksBuildPhase section */

/* Begin PBXGroup section */
		3D0C112621697CD500CC64A9 = {
			isa = PBXGroup;
			children = (
				3D0C113121697CD500CC64A9 /* PhotoMap */,
				3D0C114621697CD700CC64A9 /* PhotoMapTests */,
				3D0C115121697CD700CC64A9 /* PhotoMapUITests */,
				3D0C113021697CD500CC64A9 /* Products */,
			);
			sourceTree = "<group>";
		};
		3D0C113021697CD500CC64A9 /* Products */ = {
			isa = PBXGroup;
			children = (
				3D0C112F21697CD500CC64A9 /* PhotoMap.app */,
				3D0C114321697CD700CC64A9 /* PhotoMapTests.xctest */,
				3D0C114E21697CD700CC64A9 /* PhotoMapUITests.xctest */,
			);
			name = Products;
			sourceTree = "<group>";
		};
		3D0C113121697CD500CC64A9 /* PhotoMap */ = {
			isa = PBXGroup;
			children = (
				3D0C113221697CD500CC64A9 /* AppDelegate.swift */,
				3D0C113421697CD500CC64A9 /* ViewController.swift */,
				3D0C113621697CD500CC64A9 /* Main.storyboard */,
				3D0C113921697CD600CC64A9 /* Assets.xcassets */,
				3D0C113B21697CD600CC64A9 /* LaunchScreen.storyboard */,
				3D0C113E21697CD600CC64A9 /* Info.plist */,
			);
			path = PhotoMap;
			sourceTree = "<group>";
		};
		3D0C114621697CD700CC64A9 /* PhotoMapTests */ = {
			isa = PBXGroup;
			children = (
				3D0C114721697CD700CC64A9 /* PhotoMapTests.swift */,
				3D0C114921697CD700CC64A9 /* Info.plist */,
			);
			path = PhotoMapTests;
			sourceTree = "<group>";
		};
		3D0C115121697CD700CC64A9 /* PhotoMapUITests */ = {
			isa = PBXGroup;
			children = (
				3D0C115221697CD700CC64A9 /* PhotoMapUITests.swift */,
				3D0C115421697CD700CC64A9 /* Info.plist */,
			);
			path = PhotoMapUITests;
			sourceTree = "<group>";
		};
/* End PBXGroup section */

/* Begin PBXNativeTarget section */
		3D0C112E21697CD500CC64A9 /* PhotoMap */ = {
			isa = PBXNativeTarget;
			buildConfigurationList = 3D0C115721697CD700CC64A9 /* Build configuration list for PBXNativeTarget "PhotoMap" */;
			buildPhases = (
				3D0C112B21697CD500CC64A9 /* Sources */,
				3D0C112C21697CD500CC64A9 /* Frameworks */,
				3D0C112D21697CD500CC64A9 /* Resources */,
			);
			buildRules = (
			);
			dependencies = (
			);
			name = PhotoMap;
			productName = PhotoMap;
			productReference = 3D0C112F21697CD500CC64A9 /* PhotoMap.app */;
			productType = "com.apple.product-type.application";
		};
		3D0C114221697CD700CC64A9 /* PhotoMapTests */ = {
			isa = PBXNativeTarget;
			buildConfigurationList = 3D0C115A21697CD700CC64A9 /* Build configuration list for PBXNativeTarget "PhotoMapTests" */;
			buildPhases = (
				3D0C113F21697CD700CC64A9 /* Sources */,
				3D0C114021697CD700CC64A9 /* Frameworks */,
				3D0C114121697CD700CC64A9 /* Resources */,
			);
			buildRules = (
			);
			dependencies = (
				3D0C114521697CD700CC64A9 /* PBXTargetDependency */,
			);
			name = PhotoMapTests;
			productName = PhotoMapTests;
			productReference = 3D0C114321697CD700CC64A9 /* PhotoMapTests.xctest */;
			productType = "com.apple.product-type.bundle.unit-test";
		};
		3D0C114D21697CD700CC64A9 /* PhotoMapUITests */ = {
			isa = PBXNativeTarget;
			buildConfigurationList = 3D0C115D21697CD700CC64A9 /* Build configuration list for PBXNativeTarget "PhotoMapUITests" */;
			buildPhases = (
				3D0C114A21697CD700CC64A9 /* Sources */,
				3D0C114B21697CD700CC64A9 /* Frameworks */,
				3D0C114C21697CD700CC64A9 /* Resources */,
			);
			buildRules = (
			);
			dependencies = (
				3D0C115021697CD700CC64A9 /* PBXTargetDependency */,
			);
			name = PhotoMapUITests;
			productName = PhotoMapUITests;
			productReference = 3D0C114E21697CD700CC64A9 /* PhotoMapUITests.xctest */;
			productType = "com.apple.product-type.bundle.ui-testing";
		};
/* End PBXNativeTarget section */

/* Begin PBXProject section */
		3D0C112721697CD500CC64A9 /* Project object */ = {
			isa = PBXProject;
			attributes = {
				LastSwiftUpdateCheck = 0940;
				LastUpgradeCheck = 0940;
				ORGANIZATIONNAME = "AUNG PHYO";
				TargetAttributes = {
					3D0C112E21697CD500CC64A9 = {
						CreatedOnToolsVersion = 9.4.1;
					};
					3D0C114221697CD700CC64A9 = {
						CreatedOnToolsVersion = 9.4.1;
						TestTargetID = 3D0C112E21697CD500CC64A9;
					};
					3D0C114D21697CD700CC64A9 = {
						CreatedOnToolsVersion = 9.4.1;
						TestTargetID = 3D0C112E21697CD500CC64A9;
					};
				};
			};
			buildConfigurationList = 3D0C112A21697CD500CC64A9 /* Build configuration list for PBXProject "PhotoMap" */;
			compatibilityVersion = "Xcode 9.3";
			developmentRegion = en;
			hasScannedForEncodings = 0;
			knownRegions = (
				en,
				Base,
			);
			mainGroup = 3D0C112621697CD500CC64A9;
			productRefGroup = 3D0C113021697CD500CC64A9 /* Products */;
			projectDirPath = "";
			projectRoot = "";
			targets = (
				3D0C112E21697CD500CC64A9 /* PhotoMap */,
				3D0C114221697CD700CC64A9 /* PhotoMapTests */,
				3D0C114D21697CD700CC64A9 /* PhotoMapUITests */,
			);
		};
/* End PBXProject section */

/* Begin PBXResourcesBuildPhase section */
		3D0C112D21697CD500CC64A9 /* Resources */ = {
			isa = PBXResourcesBuildPhase;
			buildActionMask = 2147483647;
			files = (
				3D0C113D21697CD600CC64A9 /* LaunchScreen.storyboard in Resources */,
				3D0C113A21697CD600CC64A9 /* Assets.xcassets in Resources */,
				3D0C113821697CD500CC64A9 /* Main.storyboard in Resources */,
			);
			runOnlyForDeploymentPostprocessing = 0;
		};
		3D0C114121697CD700CC64A9 /* Resources */ = {
			isa = PBXResourcesBuildPhase;
			buildActionMask = 2147483647;
			files = (
			);
			runOnlyForDeploymentPostprocessing = 0;
		};
		3D0C114C21697CD700CC64A9 /* Resources */ = {
			isa = PBXResourcesBuildPhase;
			buildActionMask = 2147483647;
			files = (
			);
			runOnlyForDeploymentPostprocessing = 0;
		};
/* End PBXResourcesBuildPhase section */

/* Begin PBXSourcesBuildPhase section */
		3D0C112B21697CD500CC64A9 /* Sources */ = {
			isa = PBXSourcesBuildPhase;
			buildActionMask = 2147483647;
			files = (
				3D0C113521697CD500CC64A9 /* ViewController.swift in Sources */,
				3D0C113321697CD500CC64A9 /* AppDelegate.swift in Sources */,
			);
			runOnlyForDeploymentPostprocessing = 0;
		};
		3D0C113F21697CD700CC64A9 /* Sources */ = {
			isa = PBXSourcesBuildPhase;
			buildActionMask = 2147483647;
			files = (
				3D0C114821697CD700CC64A9 /* PhotoMapTests.swift in Sources */,
			);
			runOnlyForDeploymentPostprocessing = 0;
		};
		3D0C114A21697CD700CC64A9 /* Sources */ = {
			isa = PBXSourcesBuildPhase;
			buildActionMask = 2147483647;
			files = (
				3D0C115321697CD700CC64A9 /* PhotoMapUITests.swift in Sources */,
			);
			runOnlyForDeploymentPostprocessing = 0;
		};
/* End PBXSourcesBuildPhase section */

/* Begin PBXTargetDependency section */
		3D0C114521697CD700CC64A9 /* PBXTargetDependency */ = {
			isa = PBXTargetDependency;
			target = 3D0C112E21697CD500CC64A9 /* PhotoMap */;
			targetProxy = 3D0C114421697CD700CC64A9 /* PBXContainerItemProxy */;
		};
		3D0C115021697CD700CC64A9 /* PBXTargetDependency */ = {
			isa = PBXTargetDependency;
			target = 3D0C112E21697CD500CC64A9 /* PhotoMap */;
			targetProxy = 3D0C114F21697CD700CC64A9 /* PBXContainerItemProxy */;
		};
/* End PBXTargetDependency section */

/* Begin PBXVariantGroup section */
		3D0C113621697CD500CC64A9 /* Main.storyboard */ = {
			isa = PBXVariantGroup;
			children = (
				3D0C113721697CD500CC64A9 /* Base */,
			);
			name = Main.storyboard;
			sourceTree = "<group>";
		};
		3D0C113B21697CD600CC64A9 /* LaunchScreen.storyboard */ = {
			isa = PBXVariantGroup;
			children = (
				3D0C113C21697CD600CC64A9 /* Base */,
			);
			name = LaunchScreen.storyboard;
			sourceTree = "<group>";
		};
/* End PBXVariantGroup section */

/* Begin XCBuildConfiguration section */
		3D0C115521697CD700CC64A9 /* Debug */ = {
			isa = XCBuildConfiguration;
			buildSettings = {
				ALWAYS_SEARCH_USER_PATHS = NO;
				CLANG_ANALYZER_NONNULL = YES;
				CLANG_ANALYZER_NUMBER_OBJECT_CONVERSION = YES_AGGRESSIVE;
				CLANG_CXX_LANGUAGE_STANDARD = "gnu++14";
				CLANG_CXX_LIBRARY = "libc++";
				CLANG_ENABLE_MODULES = YES;
				CLANG_ENABLE_OBJC_ARC = YES;
				CLANG_ENABLE_OBJC_WEAK = YES;
				CLANG_WARN_BLOCK_CAPTURE_AUTORELEASING = YES;
				CLANG_WARN_BOOL_CONVERSION = YES;
				CLANG_WARN_COMMA = YES;
				CLANG_WARN_CONSTANT_CONVERSION = YES;
				CLANG_WARN_DEPRECATED_OBJC_IMPLEMENTATIONS = YES;
				CLANG_WARN_DIRECT_OBJC_ISA_USAGE = YES_ERROR;
				CLANG_WARN_DOCUMENTATION_COMMENTS = YES;
				CLANG_WARN_EMPTY_BODY = YES;
				CLANG_WARN_ENUM_CONVERSION = YES;
				CLANG_WARN_INFINITE_RECURSION = YES;
				CLANG_WARN_INT_CONVERSION = YES;
				CLANG_WARN_NON_LITERAL_NULL_CONVERSION = YES;
				CLANG_WARN_OBJC_IMPLICIT_RETAIN_SELF = YES;
				CLANG_WARN_OBJC_LITERAL_CONVERSION = YES;
				CLANG_WARN_OBJC_ROOT_CLASS = YES_ERROR;
				CLANG_WARN_RANGE_LOOP_ANALYSIS = YES;
				CLANG_WARN_STRICT_PROTOTYPES = YES;
				CLANG_WARN_SUSPICIOUS_MOVE = YES;
				CLANG_WARN_UNGUARDED_AVAILABILITY = YES_AGGRESSIVE;
				CLANG_WARN_UNREACHABLE_CODE = YES;
				CLANG_WARN__DUPLICATE_METHOD_MATCH = YES;
				CODE_SIGN_IDENTITY = "iPhone Developer";
				COPY_PHASE_STRIP = NO;
				DEBUG_INFORMATION_FORMAT = dwarf;
				ENABLE_STRICT_OBJC_MSGSEND = YES;
				ENABLE_TESTABILITY = YES;
				GCC_C_LANGUAGE_STANDARD = gnu11;
				GCC_DYNAMIC_NO_PIC = NO;
				GCC_NO_COMMON_BLOCKS = YES;
				GCC_OPTIMIZATION_LEVEL = 0;
				GCC_PREPROCESSOR_DEFINITIONS = (
					"DEBUG=1",
					"$(inherited)",
				);
				GCC_WARN_64_TO_32_BIT_CONVERSION = YES;
				GCC_WARN_ABOUT_RETURN_TYPE = YES_ERROR;
				GCC_WARN_UNDECLARED_SELECTOR = YES;
				GCC_WARN_UNINITIALIZED_AUTOS = YES_AGGRESSIVE;
				GCC_WARN_UNUSED_FUNCTION = YES;
				GCC_WARN_UNUSED_VARIABLE = YES;
				IPHONEOS_DEPLOYMENT_TARGET = 11.4;
				MTL_ENABLE_DEBUG_INFO = YES;
				ONLY_ACTIVE_ARCH = YES;
				SDKROOT = iphoneos;
				SWIFT_ACTIVE_COMPILATION_CONDITIONS = DEBUG;
				SWIFT_OPTIMIZATION_LEVEL = "-Onone";
			};
			name = Debug;
		};
		3D0C115621697CD700CC64A9 /* Release */ = {
			isa = XCBuildConfiguration;
			buildSettings = {
				ALWAYS_SEARCH_USER_PATHS = NO;
				CLANG_ANALYZER_NONNULL = YES;
				CLANG_ANALYZER_NUMBER_OBJECT_CONVERSION = YES_AGGRESSIVE;
				CLANG_CXX_LANGUAGE_STANDARD = "gnu++14";
				CLANG_CXX_LIBRARY = "libc++";
				CLANG_ENABLE_MODULES = YES;
				CLANG_ENABLE_OBJC_ARC = YES;
				CLANG_ENABLE_OBJC_WEAK = YES;
				CLANG_WARN_BLOCK_CAPTURE_AUTORELEASING = YES;
				CLANG_WARN_BOOL_CONVERSION = YES;
				CLANG_WARN_COMMA = YES;
				CLANG_WARN_CONSTANT_CONVERSION = YES;
				CLANG_WARN_DEPRECATED_OBJC_IMPLEMENTATIONS = YES;
				CLANG_WARN_DIRECT_OBJC_ISA_USAGE = YES_ERROR;
				CLANG_WARN_DOCUMENTATION_COMMENTS = YES;
				CLANG_WARN_EMPTY_BODY = YES;
				CLANG_WARN_ENUM_CONVERSION = YES;
				CLANG_WARN_INFINITE_RECURSION = YES;
				CLANG_WARN_INT_CONVERSION = YES;
				CLANG_WARN_NON_LITERAL_NULL_CONVERSION = YES;
				CLANG_WARN_OBJC_IMPLICIT_RETAIN_SELF = YES;
				CLANG_WARN_OBJC_LITERAL_CONVERSION = YES;
				CLANG_WARN_OBJC_ROOT_CLASS = YES_ERROR;
				CLANG_WARN_RANGE_LOOP_ANALYSIS = YES;
				CLANG_WARN_STRICT_PROTOTYPES = YES;
				CLANG_WARN_SUSPICIOUS_MOVE = YES;
				CLANG_WARN_UNGUARDED_AVAILABILITY = YES_AGGRESSIVE;
				CLANG_WARN_UNREACHABLE_CODE = YES;
				CLANG_WARN__DUPLICATE_METHOD_MATCH = YES;
				CODE_SIGN_IDENTITY = "iPhone Developer";
				COPY_PHASE_STRIP = NO;
				DEBUG_INFORMATION_FORMAT = "dwarf-with-dsym";
				ENABLE_NS_ASSERTIONS = NO;
				ENABLE_STRICT_OBJC_MSGSEND = YES;
				GCC_C_LANGUAGE_STANDARD = gnu11;
				GCC_NO_COMMON_BLOCKS = YES;
				GCC_WARN_64_TO_32_BIT_CONVERSION = YES;
				GCC_WARN_ABOUT_RETURN_TYPE = YES_ERROR;
				GCC_WARN_UNDECLARED_SELECTOR = YES;
				GCC_WARN_UNINITIALIZED_AUTOS = YES_AGGRESSIVE;
				GCC_WARN_UNUSED_FUNCTION = YES;
				GCC_WARN_UNUSED_VARIABLE = YES;
				IPHONEOS_DEPLOYMENT_TARGET = 11.4;
				MTL_ENABLE_DEBUG_INFO = NO;
				SDKROOT = iphoneos;
				SWIFT_COMPILATION_MODE = wholemodule;
				SWIFT_OPTIMIZATION_LEVEL = "-O";
				VALIDATE_PRODUCT = YES;
			};
			name = Release;
		};
		3D0C115821697CD700CC64A9 /* Debug */ = {
			isa = XCBuildConfiguration;
			buildSettings = {
				ASSETCATALOG_COMPILER_APPICON_NAME = AppIcon;
				CODE_SIGN_STYLE = Automatic;
				INFOPLIST_FILE = PhotoMap/Info.plist;
				LD_RUNPATH_SEARCH_PATHS = (
					"$(inherited)",
					"@executable_path/Frameworks",
				);
				PRODUCT_BUNDLE_IDENTIFIER = school.PhotoMap;
				PRODUCT_NAME = "$(TARGET_NAME)";
				SWIFT_VERSION = 4.0;
				TARGETED_DEVICE_FAMILY = "1,2";
			};
			name = Debug;
		};
		3D0C115921697CD700CC64A9 /* Release */ = {
			isa = XCBuildConfiguration;
			buildSettings = {
				ASSETCATALOG_COMPILER_APPICON_NAME = AppIcon;
				CODE_SIGN_STYLE = Automatic;
				INFOPLIST_FILE = PhotoMap/Info.plist;
				LD_RUNPATH_SEARCH_PATHS = (
					"$(inherited)",
					"@executable_path/Frameworks",
				);
				PRODUCT_BUNDLE_IDENTIFIER = school.PhotoMap;
				PRODUCT_NAME = "$(TARGET_NAME)";
				SWIFT_VERSION = 4.0;
				TARGETED_DEVICE_FAMILY = "1,2";
			};
			name = Release;
		};
		3D0C115B21697CD700CC64A9 /* Debug */ = {
			isa = XCBuildConfiguration;
			buildSettings = {
				ALWAYS_EMBED_SWIFT_STANDARD_LIBRARIES = YES;
				BUNDLE_LOADER = "$(TEST_HOST)";
				CODE_SIGN_STYLE = Automatic;
				INFOPLIST_FILE = PhotoMapTests/Info.plist;
				LD_RUNPATH_SEARCH_PATHS = (
					"$(inherited)",
					"@executable_path/Frameworks",
					"@loader_path/Frameworks",
				);
				PRODUCT_BUNDLE_IDENTIFIER = school.PhotoMapTests;
				PRODUCT_NAME = "$(TARGET_NAME)";
				SWIFT_VERSION = 4.0;
				TARGETED_DEVICE_FAMILY = "1,2";
				TEST_HOST = "$(BUILT_PRODUCTS_DIR)/PhotoMap.app/PhotoMap";
			};
			name = Debug;
		};
		3D0C115C21697CD700CC64A9 /* Release */ = {
			isa = XCBuildConfiguration;
			buildSettings = {
				ALWAYS_EMBED_SWIFT_STANDARD_LIBRARIES = YES;
				BUNDLE_LOADER = "$(TEST_HOST)";
				CODE_SIGN_STYLE = Automatic;
				INFOPLIST_FILE = PhotoMapTests/Info.plist;
				LD_RUNPATH_SEARCH_PATHS = (
					"$(inherited)",
					"@executable_path/Frameworks",
					"@loader_path/Frameworks",
				);
				PRODUCT_BUNDLE_IDENTIFIER = school.PhotoMapTests;
				PRODUCT_NAME = "$(TARGET_NAME)";
				SWIFT_VERSION = 4.0;
				TARGETED_DEVICE_FAMILY = "1,2";
				TEST_HOST = "$(BUILT_PRODUCTS_DIR)/PhotoMap.app/PhotoMap";
			};
			name = Release;
		};
		3D0C115E21697CD700CC64A9 /* Debug */ = {
			isa = XCBuildConfiguration;
			buildSettings = {
				ALWAYS_EMBED_SWIFT_STANDARD_LIBRARIES = YES;
				CODE_SIGN_STYLE = Automatic;
				INFOPLIST_FILE = PhotoMapUITests/Info.plist;
				LD_RUNPATH_SEARCH_PATHS = (
					"$(inherited)",
					"@executable_path/Frameworks",
					"@loader_path/Frameworks",
				);
				PRODUCT_BUNDLE_IDENTIFIER = school.PhotoMapUITests;
				PRODUCT_NAME = "$(TARGET_NAME)";
				SWIFT_VERSION = 4.0;
				TARGETED_DEVICE_FAMILY = "1,2";
				TEST_TARGET_NAME = PhotoMap;
			};
			name = Debug;
		};
		3D0C115F21697CD700CC64A9 /* Release */ = {
			isa = XCBuildConfiguration;
			buildSettings = {
				ALWAYS_EMBED_SWIFT_STANDARD_LIBRARIES = YES;
				CODE_SIGN_STYLE = Automatic;
				INFOPLIST_FILE = PhotoMapUITests/Info.plist;
				LD_RUNPATH_SEARCH_PATHS = (
					"$(inherited)",
					"@executable_path/Frameworks",
					"@loader_path/Frameworks",
				);
				PRODUCT_BUNDLE_IDENTIFIER = school.PhotoMapUITests;
				PRODUCT_NAME = "$(TARGET_NAME)";
				SWIFT_VERSION = 4.0;
				TARGETED_DEVICE_FAMILY = "1,2";
				TEST_TARGET_NAME = PhotoMap;
			};
			name = Release;
		};
/* End XCBuildConfiguration section */

/* Begin XCConfigurationList section */
		3D0C112A21697CD500CC64A9 /* Build configuration list for PBXProject "PhotoMap" */ = {
			isa = XCConfigurationList;
			buildConfigurations = (
				3D0C115521697CD700CC64A9 /* Debug */,
				3D0C115621697CD700CC64A9 /* Release */,
			);
			defaultConfigurationIsVisible = 0;
			defaultConfigurationName = Release;
		};
		3D0C115721697CD700CC64A9 /* Build configuration list for PBXNativeTarget "PhotoMap" */ = {
			isa = XCConfigurationList;
			buildConfigurations = (
				3D0C115821697CD700CC64A9 /* Debug */,
				3D0C115921697CD700CC64A9 /* Release */,
			);
			defaultConfigurationIsVisible = 0;
			defaultConfigurationName = Release;
		};
		3D0C115A21697CD700CC64A9 /* Build configuration list for PBXNativeTarget "PhotoMapTests" */ = {
			isa = XCConfigurationList;
			buildConfigurations = (
				3D0C115B21697CD700CC64A9 /* Debug */,
				3D0C115C21697CD700CC64A9 /* Release */,
			);
			defaultConfigurationIsVisible = 0;
			defaultConfigurationName = Release;
		};
		3D0C115D21697CD700CC64A9 /* Build configuration list for PBXNativeTarget "PhotoMapUITests" */ = {
			isa = XCConfigurationList;
			buildConfigurations = (
				3D0C115E21697CD700CC64A9 /* Debug */,
				3D0C115F21697CD700CC64A9 /* Release */,
			);
			defaultConfigurationIsVisible = 0;
			defaultConfigurationName = Release;
		};
/* End XCConfigurationList section */
	};
	rootObject = 3D0C112721697CD500CC64A9 /* Project object */;
}
